
Microsoft Visual Studio Solution File, Format Version 12.00
# Visual Studio Version 17
VisualStudioVersion = 17.4.33103.184
MinimumVisualStudioVersion = 10.0.40219.1
Project("{FAE04EC0-301F-11D3-BF4B-00C04F79EFBC}") = "ProyectoLogin", "ProyectoLogin.csproj", "{2301405E-5019-4F11-A2B4-E937E1F50D7D}"
EndProject
Global
	GlobalSection(SolutionConfigurationPlatforms) = preSolution
		Debug|Any CPU = Debug|Any CPU
		Release|Any CPU = Release|Any CPU
	EndGlobalSection
	GlobalSection(ProjectConfigurationPlatforms) = postSolution
		{2301405E-5019-4F11-A2B4-E937E1F50D7D}.Debug|Any CPU.ActiveCfg = Debug|Any CPU
		{2301405E-5019-4F11-A2B4-E937E1F50D7D}.Debug|Any CPU.Build.0 = Debug|Any CPU
		{2301405E-5019-4F11-A2B4-E937E1F50D7D}.Release|Any CPU.ActiveCfg = Release|Any CPU
		{2301405E-5019-4F11-A2B4-E937E1F50D7D}.Release|Any CPU.Build.0 = Release|Any CPU
	EndGlobalSection
	GlobalSection(SolutionProperties) = preSolution
		HideSolutionNode = FALSE
	EndGlobalSection
	GlobalSection(ExtensibilityGlobals) = postSolution
		SolutionGuid = {110F9071-60CE-419A-9738-A45F0EB0FBE2}
	EndGlobalSection
EndGlobal
